
Microsoft Visual Studio Solution File, Format Version 12.00
# Visual Studio Version 17
VisualStudioVersion = 17.5.002.0
MinimumVisualStudioVersion = 10.0.40219.1
Project("{9A19103F-16F7-4668-BE54-9A1E7A4F7556}") = "HelloEFCoreApp", "HelloEFCoreApp.csproj", "{B4330158-7452-4CF8-93F1-2BD413ADEB1D}"
EndProject
Global
	GlobalSection(SolutionConfigurationPlatforms) = preSolution
		Debug|Any CPU = Debug|Any CPU
		Release|Any CPU = Release|Any CPU
	EndGlobalSection
	GlobalSection(ProjectConfigurationPlatforms) = postSolution
		{B4330158-7452-4CF8-93F1-2BD413ADEB1D}.Debug|Any CPU.ActiveCfg = Debug|Any CPU
		{B4330158-7452-4CF8-93F1-2BD413ADEB1D}.Debug|Any CPU.Build.0 = Debug|Any CPU
		{B4330158-7452-4CF8-93F1-2BD413ADEB1D}.Release|Any CPU.ActiveCfg = Release|Any CPU
		{B4330158-7452-4CF8-93F1-2BD413ADEB1D}.Release|Any CPU.Build.0 = Release|Any CPU
	EndGlobalSection
	GlobalSection(SolutionProperties) = preSolution
		HideSolutionNode = FALSE
	EndGlobalSection
	GlobalSection(ExtensibilityGlobals) = postSolution
		SolutionGuid = {BE4767D6-0373-4CF9-BB4F-D7701F314B0E}
	EndGlobalSection
EndGlobal
