
Microsoft Visual Studio Solution File, Format Version 12.00
# Visual Studio Version 17
VisualStudioVersion = 17.11.35208.52
MinimumVisualStudioVersion = 10.0.40219.1
Project("{9A19103F-16F7-4668-BE54-9A1E7A4F7556}") = "ExampleEFCoreAppWithDI", "HelloEFCoreApp\ExampleEFCoreAppWithDI.csproj", "{4A8C47B3-01CA-439F-9898-FB6C2245FA23}"
EndProject
Global
	GlobalSection(SolutionConfigurationPlatforms) = preSolution
		Debug|Any CPU = Debug|Any CPU
		Release|Any CPU = Release|Any CPU
	EndGlobalSection
	GlobalSection(ProjectConfigurationPlatforms) = postSolution
		{4A8C47B3-01CA-439F-9898-FB6C2245FA23}.Debug|Any CPU.ActiveCfg = Debug|Any CPU
		{4A8C47B3-01CA-439F-9898-FB6C2245FA23}.Debug|Any CPU.Build.0 = Debug|Any CPU
		{4A8C47B3-01CA-439F-9898-FB6C2245FA23}.Release|Any CPU.ActiveCfg = Release|Any CPU
		{4A8C47B3-01CA-439F-9898-FB6C2245FA23}.Release|Any CPU.Build.0 = Release|Any CPU
	EndGlobalSection
	GlobalSection(SolutionProperties) = preSolution
		HideSolutionNode = FALSE
	EndGlobalSection
	GlobalSection(ExtensibilityGlobals) = postSolution
		SolutionGuid = {78EBC635-1069-476E-BDC3-85F10B835EF7}
	EndGlobalSection
EndGlobal
